
Microsoft Visual Studio Solution File, Format Version 11.00
# Visual Studio 2010
Project("{8BC9CEB8-8B4A-11D0-8D11-00A0C91BC942}") = "KickerTerminal", "KickerTerminal.vcxproj", "{892DE381-3777-42BF-81A8-2C008CECA175}"
EndProject
Global
	GlobalSection(SolutionConfigurationPlatforms) = preSolution
		Debug|Win32 = Debug|Win32
		Release|Win32 = Release|Win32
	EndGlobalSection
	GlobalSection(ProjectConfigurationPlatforms) = postSolution
		{892DE381-3777-42BF-81A8-2C008CECA175}.Debug|Win32.ActiveCfg = Debug|Win32
		{892DE381-3777-42BF-81A8-2C008CECA175}.Debug|Win32.Build.0 = Debug|Win32
		{892DE381-3777-42BF-81A8-2C008CECA175}.Release|Win32.ActiveCfg = Release|Win32
		{892DE381-3777-42BF-81A8-2C008CECA175}.Release|Win32.Build.0 = Release|Win32
	EndGlobalSection
	GlobalSection(SolutionProperties) = preSolution
		HideSolutionNode = FALSE
	EndGlobalSection
EndGlobal
